
Microsoft Visual Studio Solution File, Format Version 12.00
# Visual Studio Version 16
VisualStudioVersion = 16.0.31624.102
MinimumVisualStudioVersion = 10.0.40219.1
Project("{8BC9CEB8-8B4A-11D0-8D11-00A0C91BC942}") = "7.2", "7.2\7.2.vcxproj", "{3941CC75-E97E-461C-9840-123CC8028158}"
EndProject
Project("{8BC9CEB8-8B4A-11D0-8D11-00A0C91BC942}") = "UnitTest7.2", "UnitTest7.2\UnitTest7.2.vcxproj", "{828F259E-3E14-462C-A0CA-AC1D55CD9471}"
EndProject
Global
	GlobalSection(SolutionConfigurationPlatforms) = preSolution
		Debug|x64 = Debug|x64
		Debug|x86 = Debug|x86
		Release|x64 = Release|x64
		Release|x86 = Release|x86
	EndGlobalSection
	GlobalSection(ProjectConfigurationPlatforms) = postSolution
		{3941CC75-E97E-461C-9840-123CC8028158}.Debug|x64.ActiveCfg = Debug|x64
		{3941CC75-E97E-461C-9840-123CC8028158}.Debug|x64.Build.0 = Debug|x64
		{3941CC75-E97E-461C-9840-123CC8028158}.Debug|x86.ActiveCfg = Debug|Win32
		{3941CC75-E97E-461C-9840-123CC8028158}.Debug|x86.Build.0 = Debug|Win32
		{3941CC75-E97E-461C-9840-123CC8028158}.Release|x64.ActiveCfg = Release|x64
		{3941CC75-E97E-461C-9840-123CC8028158}.Release|x64.Build.0 = Release|x64
		{3941CC75-E97E-461C-9840-123CC8028158}.Release|x86.ActiveCfg = Release|Win32
		{3941CC75-E97E-461C-9840-123CC8028158}.Release|x86.Build.0 = Release|Win32
		{828F259E-3E14-462C-A0CA-AC1D55CD9471}.Debug|x64.ActiveCfg = Debug|x64
		{828F259E-3E14-462C-A0CA-AC1D55CD9471}.Debug|x64.Build.0 = Debug|x64
		{828F259E-3E14-462C-A0CA-AC1D55CD9471}.Debug|x86.ActiveCfg = Debug|Win32
		{828F259E-3E14-462C-A0CA-AC1D55CD9471}.Debug|x86.Build.0 = Debug|Win32
		{828F259E-3E14-462C-A0CA-AC1D55CD9471}.Release|x64.ActiveCfg = Release|x64
		{828F259E-3E14-462C-A0CA-AC1D55CD9471}.Release|x64.Build.0 = Release|x64
		{828F259E-3E14-462C-A0CA-AC1D55CD9471}.Release|x86.ActiveCfg = Release|Win32
		{828F259E-3E14-462C-A0CA-AC1D55CD9471}.Release|x86.Build.0 = Release|Win32
	EndGlobalSection
	GlobalSection(SolutionProperties) = preSolution
		HideSolutionNode = FALSE
	EndGlobalSection
	GlobalSection(ExtensibilityGlobals) = postSolution
		SolutionGuid = {FC5FE03A-1D86-4E3F-9644-4108C595EFA7}
	EndGlobalSection
EndGlobal
